
Microsoft Visual Studio Solution File, Format Version 12.00
# Visual Studio Version 16
VisualStudioVersion = 16.0.31605.320
MinimumVisualStudioVersion = 10.0.40219.1
Project("{888888A0-9F3D-457C-B088-3A5042F75D52}") = "Hello_django", "Hello_django.pyproj", "{49CAC06B-D35D-419B-BEB6-BAC285D91B15}"
EndProject
Global
	GlobalSection(SolutionConfigurationPlatforms) = preSolution
		Debug|Any CPU = Debug|Any CPU
		Release|Any CPU = Release|Any CPU
	EndGlobalSection
	GlobalSection(ProjectConfigurationPlatforms) = postSolution
		{49CAC06B-D35D-419B-BEB6-BAC285D91B15}.Debug|Any CPU.ActiveCfg = Debug|Any CPU
		{49CAC06B-D35D-419B-BEB6-BAC285D91B15}.Debug|Any CPU.Build.0 = Debug|Any CPU
		{49CAC06B-D35D-419B-BEB6-BAC285D91B15}.Release|Any CPU.ActiveCfg = Release|Any CPU
		{49CAC06B-D35D-419B-BEB6-BAC285D91B15}.Release|Any CPU.Build.0 = Release|Any CPU
	EndGlobalSection
	GlobalSection(SolutionProperties) = preSolution
		HideSolutionNode = FALSE
	EndGlobalSection
	GlobalSection(ExtensibilityGlobals) = postSolution
		SolutionGuid = {918F7000-D08B-476C-A599-032C1A6B3D7B}
	EndGlobalSection
EndGlobal
